
Microsoft Visual Studio Solution File, Format Version 12.00
# Visual Studio Version 16
VisualStudioVersion = 16.0.29324.140
MinimumVisualStudioVersion = 10.0.40219.1
Project("{9A19103F-16F7-4668-BE54-9A1E7A4F7556}") = "UniversityPhysics", "UniversityPhysics.csproj", "{3F7DFAD6-C14C-40C7-B62B-759D20800186}"
EndProject
Project("{9A19103F-16F7-4668-BE54-9A1E7A4F7556}") = "UniversityPhysics_Tests", "..\University Physics Tests\UniversityPhysics_Tests.csproj", "{D5FD2A60-120C-4EE0-8EF4-295769E54619}"
EndProject
Project("{FAE04EC0-301F-11D3-BF4B-00C04F79EFBC}") = "PhysicsApp.UWP", "..\PhysicsApp\PhysicsApp.UWP\PhysicsApp.UWP.csproj", "{ED924106-D5A2-484B-95BF-32C6471DC6AD}"
EndProject
Project("{FAE04EC0-301F-11D3-BF4B-00C04F79EFBC}") = "PhysicsApp.Android", "..\PhysicsApp\PhysicsApp.Android\PhysicsApp.Android.csproj", "{916CAE25-A25C-4A21-AE41-88123742BBAA}"
EndProject
Project("{FAE04EC0-301F-11D3-BF4B-00C04F79EFBC}") = "PhysicsApp", "..\PhysicsApp\PhysicsApp\PhysicsApp.csproj", "{D23F8C00-D4D6-48AF-A955-7C64FB42CC0E}"
EndProject
Global
	GlobalSection(SolutionConfigurationPlatforms) = preSolution
		Debug|Any CPU = Debug|Any CPU
		Debug|ARM = Debug|ARM
		Debug|x64 = Debug|x64
		Debug|x86 = Debug|x86
		Release|Any CPU = Release|Any CPU
		Release|ARM = Release|ARM
		Release|x64 = Release|x64
		Release|x86 = Release|x86
	EndGlobalSection
	GlobalSection(ProjectConfigurationPlatforms) = postSolution
		{3F7DFAD6-C14C-40C7-B62B-759D20800186}.Debug|Any CPU.ActiveCfg = Debug|Any CPU
		{3F7DFAD6-C14C-40C7-B62B-759D20800186}.Debug|Any CPU.Build.0 = Debug|Any CPU
		{3F7DFAD6-C14C-40C7-B62B-759D20800186}.Debug|ARM.ActiveCfg = Debug|Any CPU
		{3F7DFAD6-C14C-40C7-B62B-759D20800186}.Debug|ARM.Build.0 = Debug|Any CPU
		{3F7DFAD6-C14C-40C7-B62B-759D20800186}.Debug|x64.ActiveCfg = Debug|Any CPU
		{3F7DFAD6-C14C-40C7-B62B-759D20800186}.Debug|x64.Build.0 = Debug|Any CPU
		{3F7DFAD6-C14C-40C7-B62B-759D20800186}.Debug|x86.ActiveCfg = Debug|Any CPU
		{3F7DFAD6-C14C-40C7-B62B-759D20800186}.Debug|x86.Build.0 = Debug|Any CPU
		{3F7DFAD6-C14C-40C7-B62B-759D20800186}.Release|Any CPU.ActiveCfg = Release|Any CPU
		{3F7DFAD6-C14C-40C7-B62B-759D20800186}.Release|Any CPU.Build.0 = Release|Any CPU
		{3F7DFAD6-C14C-40C7-B62B-759D20800186}.Release|ARM.ActiveCfg = Release|Any CPU
		{3F7DFAD6-C14C-40C7-B62B-759D20800186}.Release|ARM.Build.0 = Release|Any CPU
		{3F7DFAD6-C14C-40C7-B62B-759D20800186}.Release|x64.ActiveCfg = Release|Any CPU
		{3F7DFAD6-C14C-40C7-B62B-759D20800186}.Release|x64.Build.0 = Release|Any CPU
		{3F7DFAD6-C14C-40C7-B62B-759D20800186}.Release|x86.ActiveCfg = Release|Any CPU
		{3F7DFAD6-C14C-40C7-B62B-759D20800186}.Release|x86.Build.0 = Release|Any CPU
		{D5FD2A60-120C-4EE0-8EF4-295769E54619}.Debug|Any CPU.ActiveCfg = Debug|Any CPU
		{D5FD2A60-120C-4EE0-8EF4-295769E54619}.Debug|Any CPU.Build.0 = Debug|Any CPU
		{D5FD2A60-120C-4EE0-8EF4-295769E54619}.Debug|ARM.ActiveCfg = Debug|Any CPU
		{D5FD2A60-120C-4EE0-8EF4-295769E54619}.Debug|ARM.Build.0 = Debug|Any CPU
		{D5FD2A60-120C-4EE0-8EF4-295769E54619}.Debug|x64.ActiveCfg = Debug|Any CPU
		{D5FD2A60-120C-4EE0-8EF4-295769E54619}.Debug|x64.Build.0 = Debug|Any CPU
		{D5FD2A60-120C-4EE0-8EF4-295769E54619}.Debug|x86.ActiveCfg = Debug|Any CPU
		{D5FD2A60-120C-4EE0-8EF4-295769E54619}.Debug|x86.Build.0 = Debug|Any CPU
		{D5FD2A60-120C-4EE0-8EF4-295769E54619}.Release|Any CPU.ActiveCfg = Release|Any CPU
		{D5FD2A60-120C-4EE0-8EF4-295769E54619}.Release|Any CPU.Build.0 = Release|Any CPU
		{D5FD2A60-120C-4EE0-8EF4-295769E54619}.Release|ARM.ActiveCfg = Release|Any CPU
		{D5FD2A60-120C-4EE0-8EF4-295769E54619}.Release|ARM.Build.0 = Release|Any CPU
		{D5FD2A60-120C-4EE0-8EF4-295769E54619}.Release|x64.ActiveCfg = Release|Any CPU
		{D5FD2A60-120C-4EE0-8EF4-295769E54619}.Release|x64.Build.0 = Release|Any CPU
		{D5FD2A60-120C-4EE0-8EF4-295769E54619}.Release|x86.ActiveCfg = Release|Any CPU
		{D5FD2A60-120C-4EE0-8EF4-295769E54619}.Release|x86.Build.0 = Release|Any CPU
		{ED924106-D5A2-484B-95BF-32C6471DC6AD}.Debug|Any CPU.ActiveCfg = Debug|x86
		{ED924106-D5A2-484B-95BF-32C6471DC6AD}.Debug|ARM.ActiveCfg = Debug|ARM
		{ED924106-D5A2-484B-95BF-32C6471DC6AD}.Debug|ARM.Build.0 = Debug|ARM
		{ED924106-D5A2-484B-95BF-32C6471DC6AD}.Debug|ARM.Deploy.0 = Debug|ARM
		{ED924106-D5A2-484B-95BF-32C6471DC6AD}.Debug|x64.ActiveCfg = Debug|x64
		{ED924106-D5A2-484B-95BF-32C6471DC6AD}.Debug|x64.Build.0 = Debug|x64
		{ED924106-D5A2-484B-95BF-32C6471DC6AD}.Debug|x64.Deploy.0 = Debug|x64
		{ED924106-D5A2-484B-95BF-32C6471DC6AD}.Debug|x86.ActiveCfg = Debug|x86
		{ED924106-D5A2-484B-95BF-32C6471DC6AD}.Debug|x86.Build.0 = Debug|x86
		{ED924106-D5A2-484B-95BF-32C6471DC6AD}.Debug|x86.Deploy.0 = Debug|x86
		{ED924106-D5A2-484B-95BF-32C6471DC6AD}.Release|Any CPU.ActiveCfg = Release|x86
		{ED924106-D5A2-484B-95BF-32C6471DC6AD}.Release|ARM.ActiveCfg = Release|ARM
		{ED924106-D5A2-484B-95BF-32C6471DC6AD}.Release|ARM.Build.0 = Release|ARM
		{ED924106-D5A2-484B-95BF-32C6471DC6AD}.Release|ARM.Deploy.0 = Release|ARM
		{ED924106-D5A2-484B-95BF-32C6471DC6AD}.Release|x64.ActiveCfg = Release|x64
		{ED924106-D5A2-484B-95BF-32C6471DC6AD}.Release|x64.Build.0 = Release|x64
		{ED924106-D5A2-484B-95BF-32C6471DC6AD}.Release|x64.Deploy.0 = Release|x64
		{ED924106-D5A2-484B-95BF-32C6471DC6AD}.Release|x86.ActiveCfg = Release|x86
		{ED924106-D5A2-484B-95BF-32C6471DC6AD}.Release|x86.Build.0 = Release|x86
		{ED924106-D5A2-484B-95BF-32C6471DC6AD}.Release|x86.Deploy.0 = Release|x86
		{916CAE25-A25C-4A21-AE41-88123742BBAA}.Debug|Any CPU.ActiveCfg = Debug|Any CPU
		{916CAE25-A25C-4A21-AE41-88123742BBAA}.Debug|Any CPU.Build.0 = Debug|Any CPU
		{916CAE25-A25C-4A21-AE41-88123742BBAA}.Debug|Any CPU.Deploy.0 = Debug|Any CPU
		{916CAE25-A25C-4A21-AE41-88123742BBAA}.Debug|ARM.ActiveCfg = Debug|Any CPU
		{916CAE25-A25C-4A21-AE41-88123742BBAA}.Debug|ARM.Build.0 = Debug|Any CPU
		{916CAE25-A25C-4A21-AE41-88123742BBAA}.Debug|ARM.Deploy.0 = Debug|Any CPU
		{916CAE25-A25C-4A21-AE41-88123742BBAA}.Debug|x64.ActiveCfg = Debug|Any CPU
		{916CAE25-A25C-4A21-AE41-88123742BBAA}.Debug|x64.Build.0 = Debug|Any CPU
		{916CAE25-A25C-4A21-AE41-88123742BBAA}.Debug|x64.Deploy.0 = Debug|Any CPU
		{916CAE25-A25C-4A21-AE41-88123742BBAA}.Debug|x86.ActiveCfg = Debug|Any CPU
		{916CAE25-A25C-4A21-AE41-88123742BBAA}.Debug|x86.Build.0 = Debug|Any CPU
		{916CAE25-A25C-4A21-AE41-88123742BBAA}.Debug|x86.Deploy.0 = Debug|Any CPU
		{916CAE25-A25C-4A21-AE41-88123742BBAA}.Release|Any CPU.ActiveCfg = Release|Any CPU
		{916CAE25-A25C-4A21-AE41-88123742BBAA}.Release|Any CPU.Build.0 = Release|Any CPU
		{916CAE25-A25C-4A21-AE41-88123742BBAA}.Release|Any CPU.Deploy.0 = Release|Any CPU
		{916CAE25-A25C-4A21-AE41-88123742BBAA}.Release|ARM.ActiveCfg = Release|Any CPU
		{916CAE25-A25C-4A21-AE41-88123742BBAA}.Release|ARM.Build.0 = Release|Any CPU
		{916CAE25-A25C-4A21-AE41-88123742BBAA}.Release|ARM.Deploy.0 = Release|Any CPU
		{916CAE25-A25C-4A21-AE41-88123742BBAA}.Release|x64.ActiveCfg = Release|Any CPU
		{916CAE25-A25C-4A21-AE41-88123742BBAA}.Release|x64.Build.0 = Release|Any CPU
		{916CAE25-A25C-4A21-AE41-88123742BBAA}.Release|x64.Deploy.0 = Release|Any CPU
		{916CAE25-A25C-4A21-AE41-88123742BBAA}.Release|x86.ActiveCfg = Release|Any CPU
		{916CAE25-A25C-4A21-AE41-88123742BBAA}.Release|x86.Build.0 = Release|Any CPU
		{916CAE25-A25C-4A21-AE41-88123742BBAA}.Release|x86.Deploy.0 = Release|Any CPU
		{D23F8C00-D4D6-48AF-A955-7C64FB42CC0E}.Debug|Any CPU.ActiveCfg = Debug|Any CPU
		{D23F8C00-D4D6-48AF-A955-7C64FB42CC0E}.Debug|Any CPU.Build.0 = Debug|Any CPU
		{D23F8C00-D4D6-48AF-A955-7C64FB42CC0E}.Debug|ARM.ActiveCfg = Debug|Any CPU
		{D23F8C00-D4D6-48AF-A955-7C64FB42CC0E}.Debug|ARM.Build.0 = Debug|Any CPU
		{D23F8C00-D4D6-48AF-A955-7C64FB42CC0E}.Debug|x64.ActiveCfg = Debug|Any CPU
		{D23F8C00-D4D6-48AF-A955-7C64FB42CC0E}.Debug|x64.Build.0 = Debug|Any CPU
		{D23F8C00-D4D6-48AF-A955-7C64FB42CC0E}.Debug|x86.ActiveCfg = Debug|Any CPU
		{D23F8C00-D4D6-48AF-A955-7C64FB42CC0E}.Debug|x86.Build.0 = Debug|Any CPU
		{D23F8C00-D4D6-48AF-A955-7C64FB42CC0E}.Release|Any CPU.ActiveCfg = Release|Any CPU
		{D23F8C00-D4D6-48AF-A955-7C64FB42CC0E}.Release|Any CPU.Build.0 = Release|Any CPU
		{D23F8C00-D4D6-48AF-A955-7C64FB42CC0E}.Release|ARM.ActiveCfg = Release|Any CPU
		{D23F8C00-D4D6-48AF-A955-7C64FB42CC0E}.Release|ARM.Build.0 = Release|Any CPU
		{D23F8C00-D4D6-48AF-A955-7C64FB42CC0E}.Release|x64.ActiveCfg = Release|Any CPU
		{D23F8C00-D4D6-48AF-A955-7C64FB42CC0E}.Release|x64.Build.0 = Release|Any CPU
		{D23F8C00-D4D6-48AF-A955-7C64FB42CC0E}.Release|x86.ActiveCfg = Release|Any CPU
		{D23F8C00-D4D6-48AF-A955-7C64FB42CC0E}.Release|x86.Build.0 = Release|Any CPU
	EndGlobalSection
	GlobalSection(SolutionProperties) = preSolution
		HideSolutionNode = FALSE
	EndGlobalSection
	GlobalSection(ExtensibilityGlobals) = postSolution
		SolutionGuid = {CDBFEE3E-A14E-4247-82D5-0800E2EAA57A}
	EndGlobalSection
EndGlobal
